// !$*UTF8*$!
{
	archiveVersion = 1;
	classes = {
	};
	objectVersion = 52;
	objects = {

/* Begin PBXBuildFile section */
		2853429026D3576F004F588F /* Helper.swift in Sources */ = {isa = PBXBuildFile; fileRef = 2853428F26D3576F004F588F /* Helper.swift */; };
		285F92DB26D1D4F3001DEE79 /* PruebaElektraApp.swift in Sources */ = {isa = PBXBuildFile; fileRef = 285F92DA26D1D4F3001DEE79 /* PruebaElektraApp.swift */; };
		285F92DD26D1D4F3001DEE79 /* ContentView.swift in Sources */ = {isa = PBXBuildFile; fileRef = 285F92DC26D1D4F3001DEE79 /* ContentView.swift */; };
		285F92DF26D1D4F5001DEE79 /* Assets.xcassets in Resources */ = {isa = PBXBuildFile; fileRef = 285F92DE26D1D4F5001DEE79 /* Assets.xcassets */; };
		285F92E226D1D4F5001DEE79 /* Preview Assets.xcassets in Resources */ = {isa = PBXBuildFile; fileRef = 285F92E126D1D4F5001DEE79 /* Preview Assets.xcassets */; };
		285F92EA26D1D830001DEE79 /* ExtraViews.swift in Sources */ = {isa = PBXBuildFile; fileRef = 285F92E926D1D830001DEE79 /* ExtraViews.swift */; };
		285F92EC26D1DBE1001DEE79 /* PopularMoviesView.swift in Sources */ = {isa = PBXBuildFile; fileRef = 285F92EB26D1DBE1001DEE79 /* PopularMoviesView.swift */; };
		285F92EF26D1DF3C001DEE79 /* APIResults.swift in Sources */ = {isa = PBXBuildFile; fileRef = 285F92EE26D1DF3C001DEE79 /* APIResults.swift */; };
		285F92F126D1E0A7001DEE79 /* Movie.swift in Sources */ = {isa = PBXBuildFile; fileRef = 285F92F026D1E0A7001DEE79 /* Movie.swift */; };
		285F92F426D1E51C001DEE79 /* Kingfisher in Frameworks */ = {isa = PBXBuildFile; productRef = 285F92F326D1E51C001DEE79 /* Kingfisher */; };
		285F92F726D1F64A001DEE79 /* MovieApi.swift in Sources */ = {isa = PBXBuildFile; fileRef = 285F92F626D1F64A001DEE79 /* MovieApi.swift */; };
		285F92F926D1F6BB001DEE79 /* Constants.swift in Sources */ = {isa = PBXBuildFile; fileRef = 285F92F826D1F6BB001DEE79 /* Constants.swift */; };
		285F92FB26D1FAFE001DEE79 /* AiringMoviesView.swift in Sources */ = {isa = PBXBuildFile; fileRef = 285F92FA26D1FAFE001DEE79 /* AiringMoviesView.swift */; };
		285F930726D21220001DEE79 /* PopularSeriesView.swift in Sources */ = {isa = PBXBuildFile; fileRef = 285F930626D21220001DEE79 /* PopularSeriesView.swift */; };
		285F930926D2122E001DEE79 /* AiringSeriesView.swift in Sources */ = {isa = PBXBuildFile; fileRef = 285F930826D2122E001DEE79 /* AiringSeriesView.swift */; };
		285F930B26D21298001DEE79 /* SeriesAPI.swift in Sources */ = {isa = PBXBuildFile; fileRef = 285F930A26D21298001DEE79 /* SeriesAPI.swift */; };
/* End PBXBuildFile section */

/* Begin PBXFileReference section */
		2853428F26D3576F004F588F /* Helper.swift */ = {isa = PBXFileReference; lastKnownFileType = sourcecode.swift; path = Helper.swift; sourceTree = "<group>"; };
		285F92D726D1D4F3001DEE79 /* PruebaElektra.app */ = {isa = PBXFileReference; explicitFileType = wrapper.application; includeInIndex = 0; path = PruebaElektra.app; sourceTree = BUILT_PRODUCTS_DIR; };
		285F92DA26D1D4F3001DEE79 /* PruebaElektraApp.swift */ = {isa = PBXFileReference; lastKnownFileType = sourcecode.swift; path = PruebaElektraApp.swift; sourceTree = "<group>"; };
		285F92DC26D1D4F3001DEE79 /* ContentView.swift */ = {isa = PBXFileReference; lastKnownFileType = sourcecode.swift; path = ContentView.swift; sourceTree = "<group>"; };
		285F92DE26D1D4F5001DEE79 /* Assets.xcassets */ = {isa = PBXFileReference; lastKnownFileType = folder.assetcatalog; path = Assets.xcassets; sourceTree = "<group>"; };
		285F92E126D1D4F5001DEE79 /* Preview Assets.xcassets */ = {isa = PBXFileReference; lastKnownFileType = folder.assetcatalog; path = "Preview Assets.xcassets"; sourceTree = "<group>"; };
		285F92E326D1D4F5001DEE79 /* Info.plist */ = {isa = PBXFileReference; lastKnownFileType = text.plist.xml; path = Info.plist; sourceTree = "<group>"; };
		285F92E926D1D830001DEE79 /* ExtraViews.swift */ = {isa = PBXFileReference; lastKnownFileType = sourcecode.swift; path = ExtraViews.swift; sourceTree = "<group>"; };
		285F92EB26D1DBE1001DEE79 /* PopularMoviesView.swift */ = {isa = PBXFileReference; lastKnownFileType = sourcecode.swift; path = PopularMoviesView.swift; sourceTree = "<group>"; };
		285F92EE26D1DF3C001DEE79 /* APIResults.swift */ = {isa = PBXFileReference; lastKnownFileType = sourcecode.swift; path = APIResults.swift; sourceTree = "<group>"; };
		285F92F026D1E0A7001DEE79 /* Movie.swift */ = {isa = PBXFileReference; lastKnownFileType = sourcecode.swift; path = Movie.swift; sourceTree = "<group>"; };
		285F92F626D1F64A001DEE79 /* MovieApi.swift */ = {isa = PBXFileReference; lastKnownFileType = sourcecode.swift; path = MovieApi.swift; sourceTree = "<group>"; };
		285F92F826D1F6BB001DEE79 /* Constants.swift */ = {isa = PBXFileReference; lastKnownFileType = sourcecode.swift; path = Constants.swift; sourceTree = "<group>"; };
		285F92FA26D1FAFE001DEE79 /* AiringMoviesView.swift */ = {isa = PBXFileReference; lastKnownFileType = sourcecode.swift; path = AiringMoviesView.swift; sourceTree = "<group>"; };
		285F930626D21220001DEE79 /* PopularSeriesView.swift */ = {isa = PBXFileReference; fileEncoding = 4; lastKnownFileType = sourcecode.swift; path = PopularSeriesView.swift; sourceTree = "<group>"; };
		285F930826D2122E001DEE79 /* AiringSeriesView.swift */ = {isa = PBXFileReference; fileEncoding = 4; lastKnownFileType = sourcecode.swift; path = AiringSeriesView.swift; sourceTree = "<group>"; };
		285F930A26D21298001DEE79 /* SeriesAPI.swift */ = {isa = PBXFileReference; fileEncoding = 4; lastKnownFileType = sourcecode.swift; path = SeriesAPI.swift; sourceTree = "<group>"; };
/* End PBXFileReference section */

/* Begin PBXFrameworksBuildPhase section */
		285F92D426D1D4F3001DEE79 /* Frameworks */ = {
			isa = PBXFrameworksBuildPhase;
			buildActionMask = 2147483647;
			files = (
				285F92F426D1E51C001DEE79 /* Kingfisher in Frameworks */,
			);
			runOnlyForDeploymentPostprocessing = 0;
		};
/* End PBXFrameworksBuildPhase section */

/* Begin PBXGroup section */
		285F92CE26D1D4F3001DEE79 = {
			isa = PBXGroup;
			children = (
				285F92D926D1D4F3001DEE79 /* PruebaElektra */,
				285F92D826D1D4F3001DEE79 /* Products */,
			);
			sourceTree = "<group>";
		};
		285F92D826D1D4F3001DEE79 /* Products */ = {
			isa = PBXGroup;
			children = (
				285F92D726D1D4F3001DEE79 /* PruebaElektra.app */,
			);
			name = Products;
			sourceTree = "<group>";
		};
		285F92D926D1D4F3001DEE79 /* PruebaElektra */ = {
			isa = PBXGroup;
			children = (
				285F92FA26D1FAFE001DEE79 /* AiringMoviesView.swift */,
				285F930826D2122E001DEE79 /* AiringSeriesView.swift */,
				285F92DE26D1D4F5001DEE79 /* Assets.xcassets */,
				285F92DC26D1D4F3001DEE79 /* ContentView.swift */,
				285F92F526D1F630001DEE79 /* Helpers */,
				285F92E326D1D4F5001DEE79 /* Info.plist */,
				285F92ED26D1DF1F001DEE79 /* Models */,
				285F92DA26D1D4F3001DEE79 /* PruebaElektraApp.swift */,
				285F92EB26D1DBE1001DEE79 /* PopularMoviesView.swift */,
				285F930626D21220001DEE79 /* PopularSeriesView.swift */,
				285F92E026D1D4F5001DEE79 /* Preview Content */,
			);
			path = PruebaElektra;
			sourceTree = "<group>";
		};
		285F92E026D1D4F5001DEE79 /* Preview Content */ = {
			isa = PBXGroup;
			children = (
				285F92E126D1D4F5001DEE79 /* Preview Assets.xcassets */,
			);
			path = "Preview Content";
			sourceTree = "<group>";
		};
		285F92ED26D1DF1F001DEE79 /* Models */ = {
			isa = PBXGroup;
			children = (
				285F92EE26D1DF3C001DEE79 /* APIResults.swift */,
				285F92F026D1E0A7001DEE79 /* Movie.swift */,
			);
			path = Models;
			sourceTree = "<group>";
		};
		285F92F526D1F630001DEE79 /* Helpers */ = {
			isa = PBXGroup;
			children = (
				285F92F826D1F6BB001DEE79 /* Constants.swift */,
				285F92E926D1D830001DEE79 /* ExtraViews.swift */,
				285F92F626D1F64A001DEE79 /* MovieApi.swift */,
				285F930A26D21298001DEE79 /* SeriesAPI.swift */,
				2853428F26D3576F004F588F /* Helper.swift */,
			);
			path = Helpers;
			sourceTree = "<group>";
		};
/* End PBXGroup section */

/* Begin PBXNativeTarget section */
		285F92D626D1D4F3001DEE79 /* PruebaElektra */ = {
			isa = PBXNativeTarget;
			buildConfigurationList = 285F92E626D1D4F5001DEE79 /* Build configuration list for PBXNativeTarget "PruebaElektra" */;
			buildPhases = (
				285F92D326D1D4F3001DEE79 /* Sources */,
				285F92D426D1D4F3001DEE79 /* Frameworks */,
				285F92D526D1D4F3001DEE79 /* Resources */,
			);
			buildRules = (
			);
			dependencies = (
			);
			name = PruebaElektra;
			packageProductDependencies = (
				285F92F326D1E51C001DEE79 /* Kingfisher */,
			);
			productName = PruebaElektra;
			productReference = 285F92D726D1D4F3001DEE79 /* PruebaElektra.app */;
			productType = "com.apple.product-type.application";
		};
/* End PBXNativeTarget section */

/* Begin PBXProject section */
		285F92CF26D1D4F3001DEE79 /* Project object */ = {
			isa = PBXProject;
			attributes = {
				LastSwiftUpdateCheck = 1250;
				LastUpgradeCheck = 1250;
				TargetAttributes = {
					285F92D626D1D4F3001DEE79 = {
						CreatedOnToolsVersion = 12.5.1;
					};
				};
			};
			buildConfigurationList = 285F92D226D1D4F3001DEE79 /* Build configuration list for PBXProject "PruebaElektra" */;
			compatibilityVersion = "Xcode 9.3";
			developmentRegion = en;
			hasScannedForEncodings = 0;
			knownRegions = (
				en,
				Base,
			);
			mainGroup = 285F92CE26D1D4F3001DEE79;
			packageReferences = (
				285F92F226D1E51C001DEE79 /* XCRemoteSwiftPackageReference "Kingfisher" */,
			);
			productRefGroup = 285F92D826D1D4F3001DEE79 /* Products */;
			projectDirPath = "";
			projectRoot = "";
			targets = (
				285F92D626D1D4F3001DEE79 /* PruebaElektra */,
			);
		};
/* End PBXProject section */

/* Begin PBXResourcesBuildPhase section */
		285F92D526D1D4F3001DEE79 /* Resources */ = {
			isa = PBXResourcesBuildPhase;
			buildActionMask = 2147483647;
			files = (
				285F92E226D1D4F5001DEE79 /* Preview Assets.xcassets in Resources */,
				285F92DF26D1D4F5001DEE79 /* Assets.xcassets in Resources */,
			);
			runOnlyForDeploymentPostprocessing = 0;
		};
/* End PBXResourcesBuildPhase section */

/* Begin PBXSourcesBuildPhase section */
		285F92D326D1D4F3001DEE79 /* Sources */ = {
			isa = PBXSourcesBuildPhase;
			buildActionMask = 2147483647;
			files = (
				285F92DD26D1D4F3001DEE79 /* ContentView.swift in Sources */,
				285F930926D2122E001DEE79 /* AiringSeriesView.swift in Sources */,
				285F92EC26D1DBE1001DEE79 /* PopularMoviesView.swift in Sources */,
				285F930B26D21298001DEE79 /* SeriesAPI.swift in Sources */,
				285F92F126D1E0A7001DEE79 /* Movie.swift in Sources */,
				285F930726D21220001DEE79 /* PopularSeriesView.swift in Sources */,
				285F92F926D1F6BB001DEE79 /* Constants.swift in Sources */,
				285F92FB26D1FAFE001DEE79 /* AiringMoviesView.swift in Sources */,
				285F92DB26D1D4F3001DEE79 /* PruebaElektraApp.swift in Sources */,
				285F92EA26D1D830001DEE79 /* ExtraViews.swift in Sources */,
				2853429026D3576F004F588F /* Helper.swift in Sources */,
				285F92EF26D1DF3C001DEE79 /* APIResults.swift in Sources */,
				285F92F726D1F64A001DEE79 /* MovieApi.swift in Sources */,
			);
			runOnlyForDeploymentPostprocessing = 0;
		};
/* End PBXSourcesBuildPhase section */

/* Begin XCBuildConfiguration section */
		285F92E426D1D4F5001DEE79 /* Debug */ = {
			isa = XCBuildConfiguration;
			buildSettings = {
				ALWAYS_SEARCH_USER_PATHS = NO;
				CLANG_ANALYZER_NONNULL = YES;
				CLANG_ANALYZER_NUMBER_OBJECT_CONVERSION = YES_AGGRESSIVE;
				CLANG_CXX_LANGUAGE_STANDARD = "gnu++14";
				CLANG_CXX_LIBRARY = "libc++";
				CLANG_ENABLE_MODULES = YES;
				CLANG_ENABLE_OBJC_ARC = YES;
				CLANG_ENABLE_OBJC_WEAK = YES;
				CLANG_WARN_BLOCK_CAPTURE_AUTORELEASING = YES;
				CLANG_WARN_BOOL_CONVERSION = YES;
				CLANG_WARN_COMMA = YES;
				CLANG_WARN_CONSTANT_CONVERSION = YES;
				CLANG_WARN_DEPRECATED_OBJC_IMPLEMENTATIONS = YES;
				CLANG_WARN_DIRECT_OBJC_ISA_USAGE = YES_ERROR;
				CLANG_WARN_DOCUMENTATION_COMMENTS = YES;
				CLANG_WARN_EMPTY_BODY = YES;
				CLANG_WARN_ENUM_CONVERSION = YES;
				CLANG_WARN_INFINITE_RECURSION = YES;
				CLANG_WARN_INT_CONVERSION = YES;
				CLANG_WARN_NON_LITERAL_NULL_CONVERSION = YES;
				CLANG_WARN_OBJC_IMPLICIT_RETAIN_SELF = YES;
				CLANG_WARN_OBJC_LITERAL_CONVERSION = YES;
				CLANG_WARN_OBJC_ROOT_CLASS = YES_ERROR;
				CLANG_WARN_QUOTED_INCLUDE_IN_FRAMEWORK_HEADER = YES;
				CLANG_WARN_RANGE_LOOP_ANALYSIS = YES;
				CLANG_WARN_STRICT_PROTOTYPES = YES;
				CLANG_WARN_SUSPICIOUS_MOVE = YES;
				CLANG_WARN_UNGUARDED_AVAILABILITY = YES_AGGRESSIVE;
				CLANG_WARN_UNREACHABLE_CODE = YES;
				CLANG_WARN__DUPLICATE_METHOD_MATCH = YES;
				COPY_PHASE_STRIP = NO;
				DEBUG_INFORMATION_FORMAT = dwarf;
				ENABLE_STRICT_OBJC_MSGSEND = YES;
				ENABLE_TESTABILITY = YES;
				GCC_C_LANGUAGE_STANDARD = gnu11;
				GCC_DYNAMIC_NO_PIC = NO;
				GCC_NO_COMMON_BLOCKS = YES;
				GCC_OPTIMIZATION_LEVEL = 0;
				GCC_PREPROCESSOR_DEFINITIONS = (
					"DEBUG=1",
					"$(inherited)",
				);
				GCC_WARN_64_TO_32_BIT_CONVERSION = YES;
				GCC_WARN_ABOUT_RETURN_TYPE = YES_ERROR;
				GCC_WARN_UNDECLARED_SELECTOR = YES;
				GCC_WARN_UNINITIALIZED_AUTOS = YES_AGGRESSIVE;
				GCC_WARN_UNUSED_FUNCTION = YES;
				GCC_WARN_UNUSED_VARIABLE = YES;
				IPHONEOS_DEPLOYMENT_TARGET = 14.5;
				MTL_ENABLE_DEBUG_INFO = INCLUDE_SOURCE;
				MTL_FAST_MATH = YES;
				ONLY_ACTIVE_ARCH = YES;
				SDKROOT = iphoneos;
				SWIFT_ACTIVE_COMPILATION_CONDITIONS = DEBUG;
				SWIFT_OPTIMIZATION_LEVEL = "-Onone";
			};
			name = Debug;
		};
		285F92E526D1D4F5001DEE79 /* Release */ = {
			isa = XCBuildConfiguration;
			buildSettings = {
				ALWAYS_SEARCH_USER_PATHS = NO;
				CLANG_ANALYZER_NONNULL = YES;
				CLANG_ANALYZER_NUMBER_OBJECT_CONVERSION = YES_AGGRESSIVE;
				CLANG_CXX_LANGUAGE_STANDARD = "gnu++14";
				CLANG_CXX_LIBRARY = "libc++";
				CLANG_ENABLE_MODULES = YES;
				CLANG_ENABLE_OBJC_ARC = YES;
				CLANG_ENABLE_OBJC_WEAK = YES;
				CLANG_WARN_BLOCK_CAPTURE_AUTORELEASING = YES;
				CLANG_WARN_BOOL_CONVERSION = YES;
				CLANG_WARN_COMMA = YES;
				CLANG_WARN_CONSTANT_CONVERSION = YES;
				CLANG_WARN_DEPRECATED_OBJC_IMPLEMENTATIONS = YES;
				CLANG_WARN_DIRECT_OBJC_ISA_USAGE = YES_ERROR;
				CLANG_WARN_DOCUMENTATION_COMMENTS = YES;
				CLANG_WARN_EMPTY_BODY = YES;
				CLANG_WARN_ENUM_CONVERSION = YES;
				CLANG_WARN_INFINITE_RECURSION = YES;
				CLANG_WARN_INT_CONVERSION = YES;
				CLANG_WARN_NON_LITERAL_NULL_CONVERSION = YES;
				CLANG_WARN_OBJC_IMPLICIT_RETAIN_SELF = YES;
				CLANG_WARN_OBJC_LITERAL_CONVERSION = YES;
				CLANG_WARN_OBJC_ROOT_CLASS = YES_ERROR;
				CLANG_WARN_QUOTED_INCLUDE_IN_FRAMEWORK_HEADER = YES;
				CLANG_WARN_RANGE_LOOP_ANALYSIS = YES;
				CLANG_WARN_STRICT_PROTOTYPES = YES;
				CLANG_WARN_SUSPICIOUS_MOVE = YES;
				CLANG_WARN_UNGUARDED_AVAILABILITY = YES_AGGRESSIVE;
				CLANG_WARN_UNREACHABLE_CODE = YES;
				CLANG_WARN__DUPLICATE_METHOD_MATCH = YES;
				COPY_PHASE_STRIP = NO;
				DEBUG_INFORMATION_FORMAT = "dwarf-with-dsym";
				ENABLE_NS_ASSERTIONS = NO;
				ENABLE_STRICT_OBJC_MSGSEND = YES;
				GCC_C_LANGUAGE_STANDARD = gnu11;
				GCC_NO_COMMON_BLOCKS = YES;
				GCC_WARN_64_TO_32_BIT_CONVERSION = YES;
				GCC_WARN_ABOUT_RETURN_TYPE = YES_ERROR;
				GCC_WARN_UNDECLARED_SELECTOR = YES;
				GCC_WARN_UNINITIALIZED_AUTOS = YES_AGGRESSIVE;
				GCC_WARN_UNUSED_FUNCTION = YES;
				GCC_WARN_UNUSED_VARIABLE = YES;
				IPHONEOS_DEPLOYMENT_TARGET = 14.5;
				MTL_ENABLE_DEBUG_INFO = NO;
				MTL_FAST_MATH = YES;
				SDKROOT = iphoneos;
				SWIFT_COMPILATION_MODE = wholemodule;
				SWIFT_OPTIMIZATION_LEVEL = "-O";
				VALIDATE_PRODUCT = YES;
			};
			name = Release;
		};
		285F92E726D1D4F5001DEE79 /* Debug */ = {
			isa = XCBuildConfiguration;
			buildSettings = {
				ASSETCATALOG_COMPILER_APPICON_NAME = AppIcon;
				ASSETCATALOG_COMPILER_GLOBAL_ACCENT_COLOR_NAME = AccentColor;
				CODE_SIGN_STYLE = Automatic;
				DEVELOPMENT_ASSET_PATHS = "\"PruebaElektra/Preview Content\"";
				DEVELOPMENT_TEAM = 7UTQ2XCYV6;
				ENABLE_PREVIEWS = YES;
				INFOPLIST_FILE = PruebaElektra/Info.plist;
				IPHONEOS_DEPLOYMENT_TARGET = 14.0;
				LD_RUNPATH_SEARCH_PATHS = (
					"$(inherited)",
					"@executable_path/Frameworks",
				);
				PRODUCT_BUNDLE_IDENTIFIER = baltazar.narciso.PruebaElektra;
				PRODUCT_NAME = "$(TARGET_NAME)";
				SWIFT_VERSION = 5.0;
				TARGETED_DEVICE_FAMILY = "1,2";
			};
			name = Debug;
		};
		285F92E826D1D4F5001DEE79 /* Release */ = {
			isa = XCBuildConfiguration;
			buildSettings = {
				ASSETCATALOG_COMPILER_APPICON_NAME = AppIcon;
				ASSETCATALOG_COMPILER_GLOBAL_ACCENT_COLOR_NAME = AccentColor;
				CODE_SIGN_STYLE = Automatic;
				DEVELOPMENT_ASSET_PATHS = "\"PruebaElektra/Preview Content\"";
				DEVELOPMENT_TEAM = 7UTQ2XCYV6;
				ENABLE_PREVIEWS = YES;
				INFOPLIST_FILE = PruebaElektra/Info.plist;
				IPHONEOS_DEPLOYMENT_TARGET = 14.0;
				LD_RUNPATH_SEARCH_PATHS = (
					"$(inherited)",
					"@executable_path/Frameworks",
				);
				PRODUCT_BUNDLE_IDENTIFIER = baltazar.narciso.PruebaElektra;
				PRODUCT_NAME = "$(TARGET_NAME)";
				SWIFT_VERSION = 5.0;
				TARGETED_DEVICE_FAMILY = "1,2";
			};
			name = Release;
		};
/* End XCBuildConfiguration section */

/* Begin XCConfigurationList section */
		285F92D226D1D4F3001DEE79 /* Build configuration list for PBXProject "PruebaElektra" */ = {
			isa = XCConfigurationList;
			buildConfigurations = (
				285F92E426D1D4F5001DEE79 /* Debug */,
				285F92E526D1D4F5001DEE79 /* Release */,
			);
			defaultConfigurationIsVisible = 0;
			defaultConfigurationName = Release;
		};
		285F92E626D1D4F5001DEE79 /* Build configuration list for PBXNativeTarget "PruebaElektra" */ = {
			isa = XCConfigurationList;
			buildConfigurations = (
				285F92E726D1D4F5001DEE79 /* Debug */,
				285F92E826D1D4F5001DEE79 /* Release */,
			);
			defaultConfigurationIsVisible = 0;
			defaultConfigurationName = Release;
		};
/* End XCConfigurationList section */

/* Begin XCRemoteSwiftPackageReference section */
		285F92F226D1E51C001DEE79 /* XCRemoteSwiftPackageReference "Kingfisher" */ = {
			isa = XCRemoteSwiftPackageReference;
			repositoryURL = "https://github.com/onevcat/Kingfisher.git";
			requirement = {
				kind = upToNextMajorVersion;
				minimumVersion = 6.3.1;
			};
		};
/* End XCRemoteSwiftPackageReference section */

/* Begin XCSwiftPackageProductDependency section */
		285F92F326D1E51C001DEE79 /* Kingfisher */ = {
			isa = XCSwiftPackageProductDependency;
			package = 285F92F226D1E51C001DEE79 /* XCRemoteSwiftPackageReference "Kingfisher" */;
			productName = Kingfisher;
		};
/* End XCSwiftPackageProductDependency section */
	};
	rootObject = 285F92CF26D1D4F3001DEE79 /* Project object */;
}
